
Microsoft Visual Studio Solution File, Format Version 12.00
# Visual Studio Version 17
VisualStudioVersion = 17.5.33530.505
MinimumVisualStudioVersion = 10.0.40219.1
Project("{9A19103F-16F7-4668-BE54-9A1E7A4F7556}") = "WebAppShop", "DeliveryFoodShop\WebAppShop.csproj", "{7146C7F1-274B-4699-AE47-18E583B5630F}"
EndProject
Global
	GlobalSection(SolutionConfigurationPlatforms) = preSolution
		Debug|Any CPU = Debug|Any CPU
		Release|Any CPU = Release|Any CPU
	EndGlobalSection
	GlobalSection(ProjectConfigurationPlatforms) = postSolution
		{7146C7F1-274B-4699-AE47-18E583B5630F}.Debug|Any CPU.ActiveCfg = Debug|Any CPU
		{7146C7F1-274B-4699-AE47-18E583B5630F}.Debug|Any CPU.Build.0 = Debug|Any CPU
		{7146C7F1-274B-4699-AE47-18E583B5630F}.Release|Any CPU.ActiveCfg = Release|Any CPU
		{7146C7F1-274B-4699-AE47-18E583B5630F}.Release|Any CPU.Build.0 = Release|Any CPU
	EndGlobalSection
	GlobalSection(SolutionProperties) = preSolution
		HideSolutionNode = FALSE
	EndGlobalSection
	GlobalSection(ExtensibilityGlobals) = postSolution
		SolutionGuid = {73ED8FFF-3D86-489D-99CE-654D4801DF30}
	EndGlobalSection
EndGlobal
